
Microsoft Visual Studio Solution File, Format Version 12.00
# Visual Studio Version 16
VisualStudioVersion = 16.0.31205.134
MinimumVisualStudioVersion = 10.0.40219.1
Project("{FAE04EC0-301F-11D3-BF4B-00C04F79EFBC}") = "ConsoleCalculator", "Lessons\ConsoleCalculator.csproj", "{BD17E203-1AC9-412E-9327-F1CAF400A2C6}"
EndProject
Project("{FAE04EC0-301F-11D3-BF4B-00C04F79EFBC}") = "WpfCalculator", "WpfCalculator\WpfCalculator.csproj", "{FE50D824-CCEF-449A-9D6A-B2EC1AC0DDAE}"
EndProject
Global
	GlobalSection(SolutionConfigurationPlatforms) = preSolution
		Debug|Any CPU = Debug|Any CPU
		Release|Any CPU = Release|Any CPU
		Description = 
	EndGlobalSection
	GlobalSection(ProjectConfigurationPlatforms) = postSolution
		{BD17E203-1AC9-412E-9327-F1CAF400A2C6}.Debug|Any CPU.ActiveCfg = Debug|Any CPU
		{BD17E203-1AC9-412E-9327-F1CAF400A2C6}.Debug|Any CPU.Build.0 = Debug|Any CPU
		{BD17E203-1AC9-412E-9327-F1CAF400A2C6}.Release|Any CPU.ActiveCfg = Release|Any CPU
		{BD17E203-1AC9-412E-9327-F1CAF400A2C6}.Release|Any CPU.Build.0 = Release|Any CPU
		{FE50D824-CCEF-449A-9D6A-B2EC1AC0DDAE}.Debug|Any CPU.ActiveCfg = Debug|Any CPU
		{FE50D824-CCEF-449A-9D6A-B2EC1AC0DDAE}.Debug|Any CPU.Build.0 = Debug|Any CPU
		{FE50D824-CCEF-449A-9D6A-B2EC1AC0DDAE}.Release|Any CPU.ActiveCfg = Release|Any CPU
		{FE50D824-CCEF-449A-9D6A-B2EC1AC0DDAE}.Release|Any CPU.Build.0 = Release|Any CPU
	EndGlobalSection
	GlobalSection(SolutionProperties) = preSolution
		HideSolutionNode = FALSE
	EndGlobalSection
	GlobalSection(ExtensibilityGlobals) = postSolution
		SolutionGuid = {089E3EF6-C093-4F7D-BAC8-EDBFE63D1DCE}
	EndGlobalSection
EndGlobal
